
Microsoft Visual Studio Solution File, Format Version 12.00
# Visual Studio Version 17
VisualStudioVersion = 17.0.31903.59
MinimumVisualStudioVersion = 10.0.40219.1
Project("{FAE04EC0-301F-11D3-BF4B-00C04F79EFBC}") = "HomeWork4", "HomeWork4\HomeWork4.csproj", "{6B8C29AE-5302-4F9E-BF92-90DE28A43DF3}"
EndProject
Global
	GlobalSection(SolutionConfigurationPlatforms) = preSolution
		Debug|Any CPU = Debug|Any CPU
		Release|Any CPU = Release|Any CPU
	EndGlobalSection
	GlobalSection(SolutionProperties) = preSolution
		HideSolutionNode = FALSE
	EndGlobalSection
	GlobalSection(ProjectConfigurationPlatforms) = postSolution
		{6B8C29AE-5302-4F9E-BF92-90DE28A43DF3}.Debug|Any CPU.ActiveCfg = Debug|Any CPU
		{6B8C29AE-5302-4F9E-BF92-90DE28A43DF3}.Debug|Any CPU.Build.0 = Debug|Any CPU
		{6B8C29AE-5302-4F9E-BF92-90DE28A43DF3}.Release|Any CPU.ActiveCfg = Release|Any CPU
		{6B8C29AE-5302-4F9E-BF92-90DE28A43DF3}.Release|Any CPU.Build.0 = Release|Any CPU
	EndGlobalSection
EndGlobal
